# This file is automatically @generated by Wally.
# It is not intended for manual editing.
registry = "test"

[[package]]
name = "brooke/roblox-project-template"
version = "0.1.0"
dependencies = [["React", "jsdotlua/react@17.1.0"], ["ReactRoblox", "jsdotlua/react-roblox@17.1.0"]]

[[package]]
name = "jsdotlua/boolean"
version = "1.2.6"
dependencies = [["number", "jsdotlua/number@1.2.6"]]

[[package]]
name = "jsdotlua/collections"
version = "1.2.6"
dependencies = [["es7-types", "jsdotlua/es7-types@1.2.6"], ["instance-of", "jsdotlua/instance-of@1.2.6"]]

[[package]]
name = "jsdotlua/console"
version = "1.2.6"
dependencies = [["collections", "jsdotlua/collections@1.2.6"]]

[[package]]
name = "jsdotlua/es7-types"
version = "1.2.6"
dependencies = []

[[package]]
name = "jsdotlua/instance-of"
version = "1.2.6"
dependencies = []

[[package]]
name = "jsdotlua/luau-polyfill"
version = "1.2.6"
dependencies = [["boolean", "jsdotlua/boolean@1.2.6"], ["collections", "jsdotlua/collections@1.2.6"], ["console", "jsdotlua/console@1.2.6"], ["es7-types", "jsdotlua/es7-types@1.2.6"], ["instance-of", "jsdotlua/instance-of@1.2.6"], ["math", "jsdotlua/math@1.2.6"], ["number", "jsdotlua/number@1.2.6"], ["string", "jsdotlua/string@1.2.6"], ["symbol-luau", "jsdotlua/symbol-luau@1.0.1"], ["timers", "jsdotlua/timers@1.2.6"]]

[[package]]
name = "jsdotlua/math"
version = "1.2.6"
dependencies = []

[[package]]
name = "jsdotlua/number"
version = "1.2.6"
dependencies = []

[[package]]
name = "jsdotlua/promise"
version = "3.5.2"
dependencies = []

[[package]]
name = "jsdotlua/react"
version = "17.1.0"
dependencies = [["luau-polyfill", "jsdotlua/luau-polyfill@1.2.6"], ["shared", "jsdotlua/shared@17.1.0"]]

[[package]]
name = "jsdotlua/react-reconciler"
version = "17.1.0"
dependencies = [["luau-polyfill", "jsdotlua/luau-polyfill@1.2.6"], ["promise", "jsdotlua/promise@3.5.2"], ["react", "jsdotlua/react@17.1.0"], ["scheduler", "jsdotlua/scheduler@17.1.0"], ["shared", "jsdotlua/shared@17.1.0"]]

[[package]]
name = "jsdotlua/react-roblox"
version = "17.1.0"
dependencies = [["luau-polyfill", "jsdotlua/luau-polyfill@1.2.6"], ["react", "jsdotlua/react@17.1.0"], ["react-reconciler", "jsdotlua/react-reconciler@17.1.0"], ["scheduler", "jsdotlua/scheduler@17.1.0"], ["shared", "jsdotlua/shared@17.1.0"]]

[[package]]
name = "jsdotlua/scheduler"
version = "17.1.0"
dependencies = [["luau-polyfill", "jsdotlua/luau-polyfill@1.2.6"], ["shared", "jsdotlua/shared@17.1.0"]]

[[package]]
name = "jsdotlua/shared"
version = "17.1.0"
dependencies = [["luau-polyfill", "jsdotlua/luau-polyfill@1.2.6"]]

[[package]]
name = "jsdotlua/string"
version = "1.2.6"
dependencies = [["es7-types", "jsdotlua/es7-types@1.2.6"], ["number", "jsdotlua/number@1.2.6"]]

[[package]]
name = "jsdotlua/symbol-luau"
version = "1.0.1"
dependencies = []

[[package]]
name = "jsdotlua/timers"
version = "1.2.6"
dependencies = [["collections", "jsdotlua/collections@1.2.6"]]
